{
  "nodes": {
    "nixpkgs": {
      "locked": {
        "lastModified": 1789546076,
        "narHash": "sha256-zVxLZiSnmaaPLwnhj7pwmqe3axBg/C6nG5JZsJMh2g4=",
        "owner": "NixOS",
        "repo": "nixpkgs",
        "rev": "b1b875982b17dabde9b4a37f3e229e74913e6db3",
        "type": "github"
      },
      "original": {
        "owner": "NixOS",
        "ref": "nixos-unstable",
        "repo": "nixpkgs",
        "type": "github"
      }
    },
    "root": {
      "inputs": {
        "nixpkgs": "nixpkgs",
        "sub-src": "sub-src"
      }
    },
    "sub-src": {
      "flake": false,
      "locked": {
        "lastModified": 1785314539,
        "narHash": "sha256-iE8b912YGlJ3ibezxScrc9T0up7jVjECPWtbr0edIuo=",
        "owner": "juanibiapina",
        "repo": "sub",
        "rev": "077df5dbc8f3fcd61b7f0ba38421b0727a0a95ef",
        "type": "github"
      },
      "original": {
        "owner": "juanibiapina",
        "repo": "sub",
        "type": "github"
      }
    }
  },
  "root": "root",
  "version": 7
}
